
Microsoft Visual Studio Solution File, Format Version 12.00
# Visual Studio 15
VisualStudioVersion = 15.0.28307.902
MinimumVisualStudioVersion = 10.0.40219.1
Project("{9A19103F-16F7-4668-BE54-9A1E7A4F7556}") = "WEBHometask1.1", "WEBHometask1.1\WEBHometask1.1.csproj", "{783A13A8-06C4-4566-995A-98751798B635}"
EndProject
Project("{FAE04EC0-301F-11D3-BF4B-00C04F79EFBC}") = "WEBHometask1_2", "WEBHometask1_2\WEBHometask1_2.csproj", "{4BBAC2B7-138E-44C6-A0B5-9C2FBB7263DF}"
EndProject
Project("{FAE04EC0-301F-11D3-BF4B-00C04F79EFBC}") = "WEBHometask1_3", "WEBHometask1_3\WEBHometask1_3.csproj", "{3CD81C69-B21A-46EB-BD68-FFC466219EA0}"
EndProject
Project("{FAE04EC0-301F-11D3-BF4B-00C04F79EFBC}") = "WEBHometask1_4", "WEBHometask1_4\WEBHometask1_4.csproj", "{12437E21-A74F-4588-A98C-7735A3E3E44B}"
EndProject
Global
	GlobalSection(SolutionConfigurationPlatforms) = preSolution
		Debug|Any CPU = Debug|Any CPU
		Release|Any CPU = Release|Any CPU
	EndGlobalSection
	GlobalSection(ProjectConfigurationPlatforms) = postSolution
		{783A13A8-06C4-4566-995A-98751798B635}.Debug|Any CPU.ActiveCfg = Debug|Any CPU
		{783A13A8-06C4-4566-995A-98751798B635}.Debug|Any CPU.Build.0 = Debug|Any CPU
		{783A13A8-06C4-4566-995A-98751798B635}.Release|Any CPU.ActiveCfg = Release|Any CPU
		{783A13A8-06C4-4566-995A-98751798B635}.Release|Any CPU.Build.0 = Release|Any CPU
		{4BBAC2B7-138E-44C6-A0B5-9C2FBB7263DF}.Debug|Any CPU.ActiveCfg = Debug|Any CPU
		{4BBAC2B7-138E-44C6-A0B5-9C2FBB7263DF}.Debug|Any CPU.Build.0 = Debug|Any CPU
		{4BBAC2B7-138E-44C6-A0B5-9C2FBB7263DF}.Release|Any CPU.ActiveCfg = Release|Any CPU
		{4BBAC2B7-138E-44C6-A0B5-9C2FBB7263DF}.Release|Any CPU.Build.0 = Release|Any CPU
		{3CD81C69-B21A-46EB-BD68-FFC466219EA0}.Debug|Any CPU.ActiveCfg = Debug|Any CPU
		{3CD81C69-B21A-46EB-BD68-FFC466219EA0}.Debug|Any CPU.Build.0 = Debug|Any CPU
		{3CD81C69-B21A-46EB-BD68-FFC466219EA0}.Release|Any CPU.ActiveCfg = Release|Any CPU
		{3CD81C69-B21A-46EB-BD68-FFC466219EA0}.Release|Any CPU.Build.0 = Release|Any CPU
		{12437E21-A74F-4588-A98C-7735A3E3E44B}.Debug|Any CPU.ActiveCfg = Debug|Any CPU
		{12437E21-A74F-4588-A98C-7735A3E3E44B}.Debug|Any CPU.Build.0 = Debug|Any CPU
		{12437E21-A74F-4588-A98C-7735A3E3E44B}.Release|Any CPU.ActiveCfg = Release|Any CPU
		{12437E21-A74F-4588-A98C-7735A3E3E44B}.Release|Any CPU.Build.0 = Release|Any CPU
	EndGlobalSection
	GlobalSection(SolutionProperties) = preSolution
		HideSolutionNode = FALSE
	EndGlobalSection
	GlobalSection(ExtensibilityGlobals) = postSolution
		SolutionGuid = {5A5581BA-E8E8-4175-B36A-7176CDCB83D1}
	EndGlobalSection
EndGlobal
